
Microsoft Visual Studio Solution File, Format Version 12.00
# Visual Studio Version 17
VisualStudioVersion = 17.5.002.0
MinimumVisualStudioVersion = 10.0.40219.1
Project("{9A19103F-16F7-4668-BE54-9A1E7A4F7556}") = "BusinessLogicRegistration", "BusinessLogicRegistration\BusinessLogicRegistration.csproj", "{409728F5-0A75-4409-BE86-05E34288A861}"
EndProject
Project("{9A19103F-16F7-4668-BE54-9A1E7A4F7556}") = "DataAccessGeneral", "DataAccessGeneral\DataAccessGeneral.csproj", "{5502E674-FFA0-478D-A51B-CDED4CD72BDA}"
EndProject
Project("{9A19103F-16F7-4668-BE54-9A1E7A4F7556}") = "DataAccesss", "DataAccesss\DataAccesss.csproj", "{9D9C573C-9563-425E-BFEC-253EE7C83033}"
EndProject
Project("{9A19103F-16F7-4668-BE54-9A1E7A4F7556}") = "DomainGeneral", "DomainGeneral\DomainGeneral.csproj", "{1815EF63-9125-4D10-AED8-C8CFC630163E}"
EndProject
Project("{9A19103F-16F7-4668-BE54-9A1E7A4F7556}") = "DomainRegistration", "DomainRegistration\DomainRegistration.csproj", "{9A4C61DD-FFF0-4833-BCF2-EEA69C64BB85}"
EndProject
Project("{9A19103F-16F7-4668-BE54-9A1E7A4F7556}") = "InfrastructureGeneral", "InfrastructureGeneral\InfrastructureGeneral.csproj", "{CDCFADE0-650D-450C-8683-CF2470D21914}"
EndProject
Project("{9A19103F-16F7-4668-BE54-9A1E7A4F7556}") = "RegistrationAPI", "RegistrationAPI\RegistrationAPI.csproj", "{825DE77E-9985-42E8-94AE-BF92B7F55BC9}"
EndProject
Project("{2150E333-8FDC-42A3-9474-1A3956D46DE8}") = "Identity", "Identity", "{2631A954-F173-4954-96BA-3D3AF18138E5}"
EndProject
Project("{9A19103F-16F7-4668-BE54-9A1E7A4F7556}") = "DataAccessRegistration", "Identity\DataAccessRegistration\DataAccessRegistration.csproj", "{2BED63ED-BF08-4E18-A298-3786C052DE05}"
EndProject
Project("{9A19103F-16F7-4668-BE54-9A1E7A4F7556}") = "IdentityService", "Identity\IdentityService\IdentityService.csproj", "{774F4A85-80B1-4FAA-BB52-06FC1E7CC085}"
EndProject
Global
	GlobalSection(SolutionConfigurationPlatforms) = preSolution
		Debug|Any CPU = Debug|Any CPU
		Release|Any CPU = Release|Any CPU
	EndGlobalSection
	GlobalSection(ProjectConfigurationPlatforms) = postSolution
		{409728F5-0A75-4409-BE86-05E34288A861}.Debug|Any CPU.ActiveCfg = Debug|Any CPU
		{409728F5-0A75-4409-BE86-05E34288A861}.Debug|Any CPU.Build.0 = Debug|Any CPU
		{409728F5-0A75-4409-BE86-05E34288A861}.Release|Any CPU.ActiveCfg = Release|Any CPU
		{409728F5-0A75-4409-BE86-05E34288A861}.Release|Any CPU.Build.0 = Release|Any CPU
		{5502E674-FFA0-478D-A51B-CDED4CD72BDA}.Debug|Any CPU.ActiveCfg = Debug|Any CPU
		{5502E674-FFA0-478D-A51B-CDED4CD72BDA}.Debug|Any CPU.Build.0 = Debug|Any CPU
		{5502E674-FFA0-478D-A51B-CDED4CD72BDA}.Release|Any CPU.ActiveCfg = Release|Any CPU
		{5502E674-FFA0-478D-A51B-CDED4CD72BDA}.Release|Any CPU.Build.0 = Release|Any CPU
		{9D9C573C-9563-425E-BFEC-253EE7C83033}.Debug|Any CPU.ActiveCfg = Debug|Any CPU
		{9D9C573C-9563-425E-BFEC-253EE7C83033}.Debug|Any CPU.Build.0 = Debug|Any CPU
		{9D9C573C-9563-425E-BFEC-253EE7C83033}.Release|Any CPU.ActiveCfg = Release|Any CPU
		{9D9C573C-9563-425E-BFEC-253EE7C83033}.Release|Any CPU.Build.0 = Release|Any CPU
		{1815EF63-9125-4D10-AED8-C8CFC630163E}.Debug|Any CPU.ActiveCfg = Debug|Any CPU
		{1815EF63-9125-4D10-AED8-C8CFC630163E}.Debug|Any CPU.Build.0 = Debug|Any CPU
		{1815EF63-9125-4D10-AED8-C8CFC630163E}.Release|Any CPU.ActiveCfg = Release|Any CPU
		{1815EF63-9125-4D10-AED8-C8CFC630163E}.Release|Any CPU.Build.0 = Release|Any CPU
		{9A4C61DD-FFF0-4833-BCF2-EEA69C64BB85}.Debug|Any CPU.ActiveCfg = Debug|Any CPU
		{9A4C61DD-FFF0-4833-BCF2-EEA69C64BB85}.Debug|Any CPU.Build.0 = Debug|Any CPU
		{9A4C61DD-FFF0-4833-BCF2-EEA69C64BB85}.Release|Any CPU.ActiveCfg = Release|Any CPU
		{9A4C61DD-FFF0-4833-BCF2-EEA69C64BB85}.Release|Any CPU.Build.0 = Release|Any CPU
		{CDCFADE0-650D-450C-8683-CF2470D21914}.Debug|Any CPU.ActiveCfg = Debug|Any CPU
		{CDCFADE0-650D-450C-8683-CF2470D21914}.Debug|Any CPU.Build.0 = Debug|Any CPU
		{CDCFADE0-650D-450C-8683-CF2470D21914}.Release|Any CPU.ActiveCfg = Release|Any CPU
		{CDCFADE0-650D-450C-8683-CF2470D21914}.Release|Any CPU.Build.0 = Release|Any CPU
		{825DE77E-9985-42E8-94AE-BF92B7F55BC9}.Debug|Any CPU.ActiveCfg = Debug|Any CPU
		{825DE77E-9985-42E8-94AE-BF92B7F55BC9}.Debug|Any CPU.Build.0 = Debug|Any CPU
		{825DE77E-9985-42E8-94AE-BF92B7F55BC9}.Release|Any CPU.ActiveCfg = Release|Any CPU
		{825DE77E-9985-42E8-94AE-BF92B7F55BC9}.Release|Any CPU.Build.0 = Release|Any CPU
		{2BED63ED-BF08-4E18-A298-3786C052DE05}.Debug|Any CPU.ActiveCfg = Debug|Any CPU
		{2BED63ED-BF08-4E18-A298-3786C052DE05}.Debug|Any CPU.Build.0 = Debug|Any CPU
		{2BED63ED-BF08-4E18-A298-3786C052DE05}.Release|Any CPU.ActiveCfg = Release|Any CPU
		{2BED63ED-BF08-4E18-A298-3786C052DE05}.Release|Any CPU.Build.0 = Release|Any CPU
		{774F4A85-80B1-4FAA-BB52-06FC1E7CC085}.Debug|Any CPU.ActiveCfg = Debug|Any CPU
		{774F4A85-80B1-4FAA-BB52-06FC1E7CC085}.Debug|Any CPU.Build.0 = Debug|Any CPU
		{774F4A85-80B1-4FAA-BB52-06FC1E7CC085}.Release|Any CPU.ActiveCfg = Release|Any CPU
		{774F4A85-80B1-4FAA-BB52-06FC1E7CC085}.Release|Any CPU.Build.0 = Release|Any CPU
	EndGlobalSection
	GlobalSection(SolutionProperties) = preSolution
		HideSolutionNode = FALSE
	EndGlobalSection
	GlobalSection(NestedProjects) = preSolution
		{2BED63ED-BF08-4E18-A298-3786C052DE05} = {2631A954-F173-4954-96BA-3D3AF18138E5}
		{774F4A85-80B1-4FAA-BB52-06FC1E7CC085} = {2631A954-F173-4954-96BA-3D3AF18138E5}
	EndGlobalSection
	GlobalSection(ExtensibilityGlobals) = postSolution
		SolutionGuid = {45281FA6-6FFA-4255-84FB-B30B26339D90}
	EndGlobalSection
EndGlobal
